
Microsoft Visual Studio Solution File, Format Version 12.00
# Visual Studio Version 16
VisualStudioVersion = 16.0.29020.237
MinimumVisualStudioVersion = 15.0.26124.0
Project("{9A19103F-16F7-4668-BE54-9A1E7A4F7556}") = "RESTful.FreeSql", "RESTful.FreeSql\RESTful.FreeSql.csproj", "{55867664-E78C-400F-8512-FFE564FEE2C7}"
EndProject
Project("{9A19103F-16F7-4668-BE54-9A1E7A4F7556}") = "RESTful.Web.Core", "RESTful.Web.Core\RESTful.Web.Core.csproj", "{FAEE3A1B-D3E9-476A-9957-770221CDE37A}"
EndProject
Project("{9A19103F-16F7-4668-BE54-9A1E7A4F7556}") = "RESTful.FreeSql.Repository", "RESTful.FreeSql.Repository\RESTful.FreeSql.Repository.csproj", "{5A2BA220-B384-4BE4-A54E-F8A5606FE349}"
EndProject
Global
	GlobalSection(SolutionConfigurationPlatforms) = preSolution
		Debug|Any CPU = Debug|Any CPU
		Release|Any CPU = Release|Any CPU
	EndGlobalSection
	GlobalSection(ProjectConfigurationPlatforms) = postSolution
		{55867664-E78C-400F-8512-FFE564FEE2C7}.Debug|Any CPU.ActiveCfg = Debug|Any CPU
		{55867664-E78C-400F-8512-FFE564FEE2C7}.Debug|Any CPU.Build.0 = Debug|Any CPU
		{55867664-E78C-400F-8512-FFE564FEE2C7}.Release|Any CPU.ActiveCfg = Release|Any CPU
		{55867664-E78C-400F-8512-FFE564FEE2C7}.Release|Any CPU.Build.0 = Release|Any CPU
		{FAEE3A1B-D3E9-476A-9957-770221CDE37A}.Debug|Any CPU.ActiveCfg = Debug|Any CPU
		{FAEE3A1B-D3E9-476A-9957-770221CDE37A}.Debug|Any CPU.Build.0 = Debug|Any CPU
		{FAEE3A1B-D3E9-476A-9957-770221CDE37A}.Release|Any CPU.ActiveCfg = Release|Any CPU
		{FAEE3A1B-D3E9-476A-9957-770221CDE37A}.Release|Any CPU.Build.0 = Release|Any CPU
		{5A2BA220-B384-4BE4-A54E-F8A5606FE349}.Debug|Any CPU.ActiveCfg = Debug|Any CPU
		{5A2BA220-B384-4BE4-A54E-F8A5606FE349}.Debug|Any CPU.Build.0 = Debug|Any CPU
		{5A2BA220-B384-4BE4-A54E-F8A5606FE349}.Release|Any CPU.ActiveCfg = Release|Any CPU
		{5A2BA220-B384-4BE4-A54E-F8A5606FE349}.Release|Any CPU.Build.0 = Release|Any CPU
	EndGlobalSection
	GlobalSection(SolutionProperties) = preSolution
		HideSolutionNode = FALSE
	EndGlobalSection
	GlobalSection(ExtensibilityGlobals) = postSolution
		SolutionGuid = {FD843A1E-2A9E-4997-BC1A-409B3FB4E360}
	EndGlobalSection
EndGlobal
